
Microsoft Visual Studio Solution File, Format Version 12.00
# Visual Studio Version 16
VisualStudioVersion = 16.0.810.14
MinimumVisualStudioVersion = 10.0.40219.1
Project("{FAE04EC0-301F-11D3-BF4B-00C04F79EFBC}") = "ApiCatalogoJogos", "ApiCatalogoJogos\ApiCatalogoJogos.csproj", "{84C44392-65F6-40D1-A24A-F48B5AFBD71B}"
EndProject
Global
	GlobalSection(SolutionConfigurationPlatforms) = preSolution
		Debug|Any CPU = Debug|Any CPU
		Release|Any CPU = Release|Any CPU
	EndGlobalSection
	GlobalSection(ProjectConfigurationPlatforms) = postSolution
		{84C44392-65F6-40D1-A24A-F48B5AFBD71B}.Debug|Any CPU.ActiveCfg = Debug|Any CPU
		{84C44392-65F6-40D1-A24A-F48B5AFBD71B}.Debug|Any CPU.Build.0 = Debug|Any CPU
		{84C44392-65F6-40D1-A24A-F48B5AFBD71B}.Release|Any CPU.ActiveCfg = Release|Any CPU
		{84C44392-65F6-40D1-A24A-F48B5AFBD71B}.Release|Any CPU.Build.0 = Release|Any CPU
	EndGlobalSection
	GlobalSection(SolutionProperties) = preSolution
		HideSolutionNode = FALSE
	EndGlobalSection
	GlobalSection(ExtensibilityGlobals) = postSolution
		SolutionGuid = {8B247483-64F9-4D95-9FF8-F7B4D78D3826}
	EndGlobalSection
EndGlobal
